// !$*UTF8*$!
{
	archiveVersion = 1;
	classes = {
	};
	objectVersion = 46;
	objects = {

/* Begin PBXBuildFile section */
		2A7BC33D1E41D3AF00D79C3D /* AppDelegate.swift in Sources */ = {isa = PBXBuildFile; fileRef = 2A7BC33C1E41D3AF00D79C3D /* AppDelegate.swift */; };
		2A7BC33F1E41D3AF00D79C3D /* TableViewController.swift in Sources */ = {isa = PBXBuildFile; fileRef = 2A7BC33E1E41D3AF00D79C3D /* TableViewController.swift */; };
		2A7BC3441E41D3AF00D79C3D /* Assets.xcassets in Resources */ = {isa = PBXBuildFile; fileRef = 2A7BC3431E41D3AF00D79C3D /* Assets.xcassets */; };
		2A7BC3471E41D3AF00D79C3D /* LaunchScreen.storyboard in Resources */ = {isa = PBXBuildFile; fileRef = 2A7BC3451E41D3AF00D79C3D /* LaunchScreen.storyboard */; };
		2A7BC34F1E41F1E500D79C3D /* API.swift in Sources */ = {isa = PBXBuildFile; fileRef = 2A7BC34E1E41F1E500D79C3D /* API.swift */; };
		2A7BC3511E41F5F700D79C3D /* TodoModel.swift in Sources */ = {isa = PBXBuildFile; fileRef = 2A7BC3501E41F5F700D79C3D /* TodoModel.swift */; };
		2A7BC3531E42638600D79C3D /* TableCell.swift in Sources */ = {isa = PBXBuildFile; fileRef = 2A7BC3521E42638600D79C3D /* TableCell.swift */; };
/* End PBXBuildFile section */

/* Begin PBXFileReference section */
		2A7BC3391E41D3AF00D79C3D /* February1_Services.app */ = {isa = PBXFileReference; explicitFileType = wrapper.application; includeInIndex = 0; path = February1_Services.app; sourceTree = BUILT_PRODUCTS_DIR; };
		2A7BC33C1E41D3AF00D79C3D /* AppDelegate.swift */ = {isa = PBXFileReference; lastKnownFileType = sourcecode.swift; path = AppDelegate.swift; sourceTree = "<group>"; };
		2A7BC33E1E41D3AF00D79C3D /* TableViewController.swift */ = {isa = PBXFileReference; lastKnownFileType = sourcecode.swift; path = TableViewController.swift; sourceTree = "<group>"; };
		2A7BC3431E41D3AF00D79C3D /* Assets.xcassets */ = {isa = PBXFileReference; lastKnownFileType = folder.assetcatalog; path = Assets.xcassets; sourceTree = "<group>"; };
		2A7BC3461E41D3AF00D79C3D /* Base */ = {isa = PBXFileReference; lastKnownFileType = file.storyboard; name = Base; path = Base.lproj/LaunchScreen.storyboard; sourceTree = "<group>"; };
		2A7BC3481E41D3AF00D79C3D /* Info.plist */ = {isa = PBXFileReference; lastKnownFileType = text.plist.xml; path = Info.plist; sourceTree = "<group>"; };
		2A7BC34E1E41F1E500D79C3D /* API.swift */ = {isa = PBXFileReference; fileEncoding = 4; lastKnownFileType = sourcecode.swift; path = API.swift; sourceTree = "<group>"; };
		2A7BC3501E41F5F700D79C3D /* TodoModel.swift */ = {isa = PBXFileReference; fileEncoding = 4; lastKnownFileType = sourcecode.swift; path = TodoModel.swift; sourceTree = "<group>"; };
		2A7BC3521E42638600D79C3D /* TableCell.swift */ = {isa = PBXFileReference; fileEncoding = 4; lastKnownFileType = sourcecode.swift; path = TableCell.swift; sourceTree = "<group>"; };
/* End PBXFileReference section */

/* Begin PBXFrameworksBuildPhase section */
		2A7BC3361E41D3AF00D79C3D /* Frameworks */ = {
			isa = PBXFrameworksBuildPhase;
			buildActionMask = 2147483647;
			files = (
			);
			runOnlyForDeploymentPostprocessing = 0;
		};
/* End PBXFrameworksBuildPhase section */

/* Begin PBXGroup section */
		2A7BC3301E41D3AF00D79C3D = {
			isa = PBXGroup;
			children = (
				2A7BC33B1E41D3AF00D79C3D /* February1_Services */,
				2A7BC33A1E41D3AF00D79C3D /* Products */,
			);
			sourceTree = "<group>";
		};
		2A7BC33A1E41D3AF00D79C3D /* Products */ = {
			isa = PBXGroup;
			children = (
				2A7BC3391E41D3AF00D79C3D /* February1_Services.app */,
			);
			name = Products;
			sourceTree = "<group>";
		};
		2A7BC33B1E41D3AF00D79C3D /* February1_Services */ = {
			isa = PBXGroup;
			children = (
				2A7BC33C1E41D3AF00D79C3D /* AppDelegate.swift */,
				2A7BC34E1E41F1E500D79C3D /* API.swift */,
				2A7BC33E1E41D3AF00D79C3D /* TableViewController.swift */,
				2A7BC3521E42638600D79C3D /* TableCell.swift */,
				2A7BC3501E41F5F700D79C3D /* TodoModel.swift */,
				2A7BC3431E41D3AF00D79C3D /* Assets.xcassets */,
				2A7BC3451E41D3AF00D79C3D /* LaunchScreen.storyboard */,
				2A7BC3481E41D3AF00D79C3D /* Info.plist */,
			);
			path = February1_Services;
			sourceTree = "<group>";
		};
/* End PBXGroup section */

/* Begin PBXNativeTarget section */
		2A7BC3381E41D3AF00D79C3D /* February1_Services */ = {
			isa = PBXNativeTarget;
			buildConfigurationList = 2A7BC34B1E41D3AF00D79C3D /* Build configuration list for PBXNativeTarget "February1_Services" */;
			buildPhases = (
				2A7BC3351E41D3AF00D79C3D /* Sources */,
				2A7BC3361E41D3AF00D79C3D /* Frameworks */,
				2A7BC3371E41D3AF00D79C3D /* Resources */,
			);
			buildRules = (
			);
			dependencies = (
			);
			name = February1_Services;
			productName = February1_Services;
			productReference = 2A7BC3391E41D3AF00D79C3D /* February1_Services.app */;
			productType = "com.apple.product-type.application";
		};
/* End PBXNativeTarget section */

/* Begin PBXProject section */
		2A7BC3311E41D3AF00D79C3D /* Project object */ = {
			isa = PBXProject;
			attributes = {
				LastSwiftUpdateCheck = 0820;
				LastUpgradeCheck = 0820;
				ORGANIZATIONNAME = "Gennadii Tsypenko";
				TargetAttributes = {
					2A7BC3381E41D3AF00D79C3D = {
						CreatedOnToolsVersion = 8.2.1;
						DevelopmentTeam = 2LKR95Q97P;
						ProvisioningStyle = Automatic;
					};
				};
			};
			buildConfigurationList = 2A7BC3341E41D3AF00D79C3D /* Build configuration list for PBXProject "February1_Services" */;
			compatibilityVersion = "Xcode 3.2";
			developmentRegion = English;
			hasScannedForEncodings = 0;
			knownRegions = (
				en,
				Base,
			);
			mainGroup = 2A7BC3301E41D3AF00D79C3D;
			productRefGroup = 2A7BC33A1E41D3AF00D79C3D /* Products */;
			projectDirPath = "";
			projectRoot = "";
			targets = (
				2A7BC3381E41D3AF00D79C3D /* February1_Services */,
			);
		};
/* End PBXProject section */

/* Begin PBXResourcesBuildPhase section */
		2A7BC3371E41D3AF00D79C3D /* Resources */ = {
			isa = PBXResourcesBuildPhase;
			buildActionMask = 2147483647;
			files = (
				2A7BC3471E41D3AF00D79C3D /* LaunchScreen.storyboard in Resources */,
				2A7BC3441E41D3AF00D79C3D /* Assets.xcassets in Resources */,
			);
			runOnlyForDeploymentPostprocessing = 0;
		};
/* End PBXResourcesBuildPhase section */

/* Begin PBXSourcesBuildPhase section */
		2A7BC3351E41D3AF00D79C3D /* Sources */ = {
			isa = PBXSourcesBuildPhase;
			buildActionMask = 2147483647;
			files = (
				2A7BC3531E42638600D79C3D /* TableCell.swift in Sources */,
				2A7BC33F1E41D3AF00D79C3D /* TableViewController.swift in Sources */,
				2A7BC34F1E41F1E500D79C3D /* API.swift in Sources */,
				2A7BC33D1E41D3AF00D79C3D /* AppDelegate.swift in Sources */,
				2A7BC3511E41F5F700D79C3D /* TodoModel.swift in Sources */,
			);
			runOnlyForDeploymentPostprocessing = 0;
		};
/* End PBXSourcesBuildPhase section */

/* Begin PBXVariantGroup section */
		2A7BC3451E41D3AF00D79C3D /* LaunchScreen.storyboard */ = {
			isa = PBXVariantGroup;
			children = (
				2A7BC3461E41D3AF00D79C3D /* Base */,
			);
			name = LaunchScreen.storyboard;
			sourceTree = "<group>";
		};
/* End PBXVariantGroup section */

/* Begin XCBuildConfiguration section */
		2A7BC3491E41D3AF00D79C3D /* Debug */ = {
			isa = XCBuildConfiguration;
			buildSettings = {
				ALWAYS_SEARCH_USER_PATHS = NO;
				CLANG_ANALYZER_NONNULL = YES;
				CLANG_CXX_LANGUAGE_STANDARD = "gnu++0x";
				CLANG_CXX_LIBRARY = "libc++";
				CLANG_ENABLE_MODULES = YES;
				CLANG_ENABLE_OBJC_ARC = YES;
				CLANG_WARN_BOOL_CONVERSION = YES;
				CLANG_WARN_CONSTANT_CONVERSION = YES;
				CLANG_WARN_DIRECT_OBJC_ISA_USAGE = YES_ERROR;
				CLANG_WARN_DOCUMENTATION_COMMENTS = YES;
				CLANG_WARN_EMPTY_BODY = YES;
				CLANG_WARN_ENUM_CONVERSION = YES;
				CLANG_WARN_INFINITE_RECURSION = YES;
				CLANG_WARN_INT_CONVERSION = YES;
				CLANG_WARN_OBJC_ROOT_CLASS = YES_ERROR;
				CLANG_WARN_SUSPICIOUS_MOVE = YES;
				CLANG_WARN_UNREACHABLE_CODE = YES;
				CLANG_WARN__DUPLICATE_METHOD_MATCH = YES;
				"CODE_SIGN_IDENTITY[sdk=iphoneos*]" = "iPhone Developer";
				COPY_PHASE_STRIP = NO;
				DEBUG_INFORMATION_FORMAT = dwarf;
				ENABLE_STRICT_OBJC_MSGSEND = YES;
				ENABLE_TESTABILITY = YES;
				GCC_C_LANGUAGE_STANDARD = gnu99;
				GCC_DYNAMIC_NO_PIC = NO;
				GCC_NO_COMMON_BLOCKS = YES;
				GCC_OPTIMIZATION_LEVEL = 0;
				GCC_PREPROCESSOR_DEFINITIONS = (
					"DEBUG=1",
					"$(inherited)",
				);
				GCC_WARN_64_TO_32_BIT_CONVERSION = YES;
				GCC_WARN_ABOUT_RETURN_TYPE = YES_ERROR;
				GCC_WARN_UNDECLARED_SELECTOR = YES;
				GCC_WARN_UNINITIALIZED_AUTOS = YES_AGGRESSIVE;
				GCC_WARN_UNUSED_FUNCTION = YES;
				GCC_WARN_UNUSED_VARIABLE = YES;
				IPHONEOS_DEPLOYMENT_TARGET = 10.2;
				MTL_ENABLE_DEBUG_INFO = YES;
				ONLY_ACTIVE_ARCH = YES;
				SDKROOT = iphoneos;
				SWIFT_ACTIVE_COMPILATION_CONDITIONS = DEBUG;
				SWIFT_OPTIMIZATION_LEVEL = "-Onone";
				TARGETED_DEVICE_FAMILY = "1,2";
			};
			name = Debug;
		};
		2A7BC34A1E41D3AF00D79C3D /* Release */ = {
			isa = XCBuildConfiguration;
			buildSettings = {
				ALWAYS_SEARCH_USER_PATHS = NO;
				CLANG_ANALYZER_NONNULL = YES;
				CLANG_CXX_LANGUAGE_STANDARD = "gnu++0x";
				CLANG_CXX_LIBRARY = "libc++";
				CLANG_ENABLE_MODULES = YES;
				CLANG_ENABLE_OBJC_ARC = YES;
				CLANG_WARN_BOOL_CONVERSION = YES;
				CLANG_WARN_CONSTANT_CONVERSION = YES;
				CLANG_WARN_DIRECT_OBJC_ISA_USAGE = YES_ERROR;
				CLANG_WARN_DOCUMENTATION_COMMENTS = YES;
				CLANG_WARN_EMPTY_BODY = YES;
				CLANG_WARN_ENUM_CONVERSION = YES;
				CLANG_WARN_INFINITE_RECURSION = YES;
				CLANG_WARN_INT_CONVERSION = YES;
				CLANG_WARN_OBJC_ROOT_CLASS = YES_ERROR;
				CLANG_WARN_SUSPICIOUS_MOVE = YES;
				CLANG_WARN_UNREACHABLE_CODE = YES;
				CLANG_WARN__DUPLICATE_METHOD_MATCH = YES;
				"CODE_SIGN_IDENTITY[sdk=iphoneos*]" = "iPhone Developer";
				COPY_PHASE_STRIP = NO;
				DEBUG_INFORMATION_FORMAT = "dwarf-with-dsym";
				ENABLE_NS_ASSERTIONS = NO;
				ENABLE_STRICT_OBJC_MSGSEND = YES;
				GCC_C_LANGUAGE_STANDARD = gnu99;
				GCC_NO_COMMON_BLOCKS = YES;
				GCC_WARN_64_TO_32_BIT_CONVERSION = YES;
				GCC_WARN_ABOUT_RETURN_TYPE = YES_ERROR;
				GCC_WARN_UNDECLARED_SELECTOR = YES;
				GCC_WARN_UNINITIALIZED_AUTOS = YES_AGGRESSIVE;
				GCC_WARN_UNUSED_FUNCTION = YES;
				GCC_WARN_UNUSED_VARIABLE = YES;
				IPHONEOS_DEPLOYMENT_TARGET = 10.2;
				MTL_ENABLE_DEBUG_INFO = NO;
				SDKROOT = iphoneos;
				SWIFT_OPTIMIZATION_LEVEL = "-Owholemodule";
				TARGETED_DEVICE_FAMILY = "1,2";
				VALIDATE_PRODUCT = YES;
			};
			name = Release;
		};
		2A7BC34C1E41D3AF00D79C3D /* Debug */ = {
			isa = XCBuildConfiguration;
			buildSettings = {
				ASSETCATALOG_COMPILER_APPICON_NAME = AppIcon;
				DEVELOPMENT_TEAM = 2LKR95Q97P;
				INFOPLIST_FILE = February1_Services/Info.plist;
				LD_RUNPATH_SEARCH_PATHS = "$(inherited) @executable_path/Frameworks";
				PRODUCT_BUNDLE_IDENTIFIER = "gnktspnk.February1-Services";
				PRODUCT_NAME = "$(TARGET_NAME)";
				SWIFT_VERSION = 3.0;
			};
			name = Debug;
		};
		2A7BC34D1E41D3AF00D79C3D /* Release */ = {
			isa = XCBuildConfiguration;
			buildSettings = {
				ASSETCATALOG_COMPILER_APPICON_NAME = AppIcon;
				DEVELOPMENT_TEAM = 2LKR95Q97P;
				INFOPLIST_FILE = February1_Services/Info.plist;
				LD_RUNPATH_SEARCH_PATHS = "$(inherited) @executable_path/Frameworks";
				PRODUCT_BUNDLE_IDENTIFIER = "gnktspnk.February1-Services";
				PRODUCT_NAME = "$(TARGET_NAME)";
				SWIFT_VERSION = 3.0;
			};
			name = Release;
		};
/* End XCBuildConfiguration section */

/* Begin XCConfigurationList section */
		2A7BC3341E41D3AF00D79C3D /* Build configuration list for PBXProject "February1_Services" */ = {
			isa = XCConfigurationList;
			buildConfigurations = (
				2A7BC3491E41D3AF00D79C3D /* Debug */,
				2A7BC34A1E41D3AF00D79C3D /* Release */,
			);
			defaultConfigurationIsVisible = 0;
			defaultConfigurationName = Release;
		};
		2A7BC34B1E41D3AF00D79C3D /* Build configuration list for PBXNativeTarget "February1_Services" */ = {
			isa = XCConfigurationList;
			buildConfigurations = (
				2A7BC34C1E41D3AF00D79C3D /* Debug */,
				2A7BC34D1E41D3AF00D79C3D /* Release */,
			);
			defaultConfigurationIsVisible = 0;
			defaultConfigurationName = Release;
		};
/* End XCConfigurationList section */
	};
	rootObject = 2A7BC3311E41D3AF00D79C3D /* Project object */;
}
